
Microsoft Visual Studio Solution File, Format Version 12.00
# Visual Studio 2012
Project("{FAE04EC0-301F-11D3-BF4B-00C04F79EFBC}") = "DiningPhilosophersProblem", "DiningPhilosophersProblem\DiningPhilosophersProblem.csproj", "{A60CD31E-D8BF-4387-987B-F573F1757A9F}"
EndProject
Project("{FAE04EC0-301F-11D3-BF4B-00C04F79EFBC}") = "MonitorEnterExit", "MonitorEnterExit\MonitorEnterExit.csproj", "{0393AD24-1295-438F-AA41-3C2B1CB5BF2E}"
EndProject
Project("{FAE04EC0-301F-11D3-BF4B-00C04F79EFBC}") = "ReadersWritersProblem", "ReadersWritersProblem\ReadersWritersProblem.csproj", "{F805AA5A-B5DA-4529-8DC7-43EA30535405}"
EndProject
Project("{FAE04EC0-301F-11D3-BF4B-00C04F79EFBC}") = "SymbolsGenerationWithThreads", "SymbolsGenerationWithThreads\SymbolsGenerationWithThreads.csproj", "{DC0C15C6-3BB2-4B9C-894D-179D3AB1F2BB}"
EndProject
Project("{FAE04EC0-301F-11D3-BF4B-00C04F79EFBC}") = "ThreadPoolDemo", "ThreadPoolDemo\ThreadPoolDemo.csproj", "{8DB18E3E-797A-4E98-8339-084338266862}"
EndProject
Project("{FAE04EC0-301F-11D3-BF4B-00C04F79EFBC}") = "WaitPulseDemo", "WaitPulseDemo\WaitPulseDemo.csproj", "{33D38A6B-6F73-4F81-8837-F1240FF12E0A}"
EndProject
Project("{FAE04EC0-301F-11D3-BF4B-00C04F79EFBC}") = "RegisterWaitForSingleObject", "RegisterWaitForSingleObject\RegisterWaitForSingleObject.csproj", "{63413B75-402C-4C25-A541-67CF3FA456AA}"
EndProject
Project("{FAE04EC0-301F-11D3-BF4B-00C04F79EFBC}") = "AsyncCalls", "AsyncCalls\AsyncCalls.csproj", "{19386FCB-2041-49CA-89A2-E1EBDDF6C8B2}"
EndProject
Global
	GlobalSection(SolutionConfigurationPlatforms) = preSolution
		Debug|Any CPU = Debug|Any CPU
		Release|Any CPU = Release|Any CPU
	EndGlobalSection
	GlobalSection(ProjectConfigurationPlatforms) = postSolution
		{A60CD31E-D8BF-4387-987B-F573F1757A9F}.Debug|Any CPU.ActiveCfg = Debug|Any CPU
		{A60CD31E-D8BF-4387-987B-F573F1757A9F}.Debug|Any CPU.Build.0 = Debug|Any CPU
		{A60CD31E-D8BF-4387-987B-F573F1757A9F}.Release|Any CPU.ActiveCfg = Release|Any CPU
		{A60CD31E-D8BF-4387-987B-F573F1757A9F}.Release|Any CPU.Build.0 = Release|Any CPU
		{0393AD24-1295-438F-AA41-3C2B1CB5BF2E}.Debug|Any CPU.ActiveCfg = Debug|Any CPU
		{0393AD24-1295-438F-AA41-3C2B1CB5BF2E}.Debug|Any CPU.Build.0 = Debug|Any CPU
		{0393AD24-1295-438F-AA41-3C2B1CB5BF2E}.Release|Any CPU.ActiveCfg = Release|Any CPU
		{0393AD24-1295-438F-AA41-3C2B1CB5BF2E}.Release|Any CPU.Build.0 = Release|Any CPU
		{F805AA5A-B5DA-4529-8DC7-43EA30535405}.Debug|Any CPU.ActiveCfg = Debug|Any CPU
		{F805AA5A-B5DA-4529-8DC7-43EA30535405}.Debug|Any CPU.Build.0 = Debug|Any CPU
		{F805AA5A-B5DA-4529-8DC7-43EA30535405}.Release|Any CPU.ActiveCfg = Release|Any CPU
		{F805AA5A-B5DA-4529-8DC7-43EA30535405}.Release|Any CPU.Build.0 = Release|Any CPU
		{DC0C15C6-3BB2-4B9C-894D-179D3AB1F2BB}.Debug|Any CPU.ActiveCfg = Debug|Any CPU
		{DC0C15C6-3BB2-4B9C-894D-179D3AB1F2BB}.Debug|Any CPU.Build.0 = Debug|Any CPU
		{DC0C15C6-3BB2-4B9C-894D-179D3AB1F2BB}.Release|Any CPU.ActiveCfg = Release|Any CPU
		{DC0C15C6-3BB2-4B9C-894D-179D3AB1F2BB}.Release|Any CPU.Build.0 = Release|Any CPU
		{8DB18E3E-797A-4E98-8339-084338266862}.Debug|Any CPU.ActiveCfg = Debug|Any CPU
		{8DB18E3E-797A-4E98-8339-084338266862}.Debug|Any CPU.Build.0 = Debug|Any CPU
		{8DB18E3E-797A-4E98-8339-084338266862}.Release|Any CPU.ActiveCfg = Release|Any CPU
		{8DB18E3E-797A-4E98-8339-084338266862}.Release|Any CPU.Build.0 = Release|Any CPU
		{33D38A6B-6F73-4F81-8837-F1240FF12E0A}.Debug|Any CPU.ActiveCfg = Debug|Any CPU
		{33D38A6B-6F73-4F81-8837-F1240FF12E0A}.Debug|Any CPU.Build.0 = Debug|Any CPU
		{33D38A6B-6F73-4F81-8837-F1240FF12E0A}.Release|Any CPU.ActiveCfg = Release|Any CPU
		{33D38A6B-6F73-4F81-8837-F1240FF12E0A}.Release|Any CPU.Build.0 = Release|Any CPU
		{63413B75-402C-4C25-A541-67CF3FA456AA}.Debug|Any CPU.ActiveCfg = Debug|Any CPU
		{63413B75-402C-4C25-A541-67CF3FA456AA}.Debug|Any CPU.Build.0 = Debug|Any CPU
		{63413B75-402C-4C25-A541-67CF3FA456AA}.Release|Any CPU.ActiveCfg = Release|Any CPU
		{63413B75-402C-4C25-A541-67CF3FA456AA}.Release|Any CPU.Build.0 = Release|Any CPU
		{19386FCB-2041-49CA-89A2-E1EBDDF6C8B2}.Debug|Any CPU.ActiveCfg = Debug|Any CPU
		{19386FCB-2041-49CA-89A2-E1EBDDF6C8B2}.Debug|Any CPU.Build.0 = Debug|Any CPU
		{19386FCB-2041-49CA-89A2-E1EBDDF6C8B2}.Release|Any CPU.ActiveCfg = Release|Any CPU
		{19386FCB-2041-49CA-89A2-E1EBDDF6C8B2}.Release|Any CPU.Build.0 = Release|Any CPU
	EndGlobalSection
	GlobalSection(SolutionProperties) = preSolution
		HideSolutionNode = FALSE
	EndGlobalSection
EndGlobal
