
Microsoft Visual Studio Solution File, Format Version 11.00
# Visual Studio 2010 Express for Windows Phone
Project("{FAE04EC0-301F-11D3-BF4B-00C04F79EFBC}") = "Phone.Controls", "PickerBoxR6\Phone.Controls\Phone.Controls.csproj", "{6CCB5E30-E5CE-49DB-B953-9D7A6886F2C2}"
EndProject
Project("{FAE04EC0-301F-11D3-BF4B-00C04F79EFBC}") = "BarDiagram", "PickerBoxR6\PickerBoxTestClient\BarDiagram.csproj", "{10E18739-E0AB-405D-88B4-8879408C8724}"
EndProject
Global
	GlobalSection(SolutionConfigurationPlatforms) = preSolution
		Debug|Any CPU = Debug|Any CPU
		Release|Any CPU = Release|Any CPU
	EndGlobalSection
	GlobalSection(ProjectConfigurationPlatforms) = postSolution
		{6CCB5E30-E5CE-49DB-B953-9D7A6886F2C2}.Debug|Any CPU.ActiveCfg = Debug|Any CPU
		{6CCB5E30-E5CE-49DB-B953-9D7A6886F2C2}.Debug|Any CPU.Build.0 = Debug|Any CPU
		{6CCB5E30-E5CE-49DB-B953-9D7A6886F2C2}.Release|Any CPU.ActiveCfg = Release|Any CPU
		{6CCB5E30-E5CE-49DB-B953-9D7A6886F2C2}.Release|Any CPU.Build.0 = Release|Any CPU
		{10E18739-E0AB-405D-88B4-8879408C8724}.Debug|Any CPU.ActiveCfg = Debug|Any CPU
		{10E18739-E0AB-405D-88B4-8879408C8724}.Debug|Any CPU.Build.0 = Debug|Any CPU
		{10E18739-E0AB-405D-88B4-8879408C8724}.Debug|Any CPU.Deploy.0 = Debug|Any CPU
		{10E18739-E0AB-405D-88B4-8879408C8724}.Release|Any CPU.ActiveCfg = Release|Any CPU
		{10E18739-E0AB-405D-88B4-8879408C8724}.Release|Any CPU.Build.0 = Release|Any CPU
		{10E18739-E0AB-405D-88B4-8879408C8724}.Release|Any CPU.Deploy.0 = Release|Any CPU
	EndGlobalSection
	GlobalSection(SolutionProperties) = preSolution
		HideSolutionNode = FALSE
	EndGlobalSection
EndGlobal
